
Microsoft Visual Studio Solution File, Format Version 12.00
# Visual Studio Version 16
VisualStudioVersion = 16.0.34407.143
MinimumVisualStudioVersion = 10.0.40219.1
Project("{FAE04EC0-301F-11D3-BF4B-00C04F79EFBC}") = "importExportData", "importExportData\importExportData.csproj", "{D6BD57F1-C257-4CA5-A36E-C42E790DB094}"
EndProject
Global
	GlobalSection(SolutionConfigurationPlatforms) = preSolution
		Debug|Any CPU = Debug|Any CPU
		Release|Any CPU = Release|Any CPU
	EndGlobalSection
	GlobalSection(ProjectConfigurationPlatforms) = postSolution
		{D6BD57F1-C257-4CA5-A36E-C42E790DB094}.Debug|Any CPU.ActiveCfg = Debug|Any CPU
		{D6BD57F1-C257-4CA5-A36E-C42E790DB094}.Debug|Any CPU.Build.0 = Debug|Any CPU
		{D6BD57F1-C257-4CA5-A36E-C42E790DB094}.Release|Any CPU.ActiveCfg = Release|Any CPU
		{D6BD57F1-C257-4CA5-A36E-C42E790DB094}.Release|Any CPU.Build.0 = Release|Any CPU
	EndGlobalSection
	GlobalSection(SolutionProperties) = preSolution
		HideSolutionNode = FALSE
	EndGlobalSection
	GlobalSection(ExtensibilityGlobals) = postSolution
		SolutionGuid = {C9E76D5C-C47E-4649-84CD-1A90E76E6E0D}
	EndGlobalSection
EndGlobal
